
Microsoft Visual Studio Solution File, Format Version 12.00
# Visual Studio Version 17
VisualStudioVersion = 17.6.33829.357
MinimumVisualStudioVersion = 10.0.40219.1
Project("{2150E333-8FDC-42A3-9474-1A3956D46DE8}") = "lib", "lib", "{91AD361C-3066-4622-8542-573D8DB564B6}"
EndProject
Project("{2150E333-8FDC-42A3-9474-1A3956D46DE8}") = "iTin.Core", "iTin.Core", "{345204E7-6DE1-42E0-BA86-ADA26E1D0C9F}"
EndProject
Project("{9A19103F-16F7-4668-BE54-9A1E7A4F7556}") = "iTin.Core.Drawing", "src\iTin.Core.Drawing.csproj", "{8312EE0F-FE44-4BC1-A6A9-AEA27891F1DD}"
EndProject
Project("{9A19103F-16F7-4668-BE54-9A1E7A4F7556}") = "iTin.Core", "..\iTin.Core\src\iTin.Core.csproj", "{5E73F209-0DDF-4A84-8B98-73CC5A0F65F9}"
EndProject
Global
	GlobalSection(SolutionConfigurationPlatforms) = preSolution
		Debug|Any CPU = Debug|Any CPU
		Release|Any CPU = Release|Any CPU
	EndGlobalSection
	GlobalSection(ProjectConfigurationPlatforms) = postSolution
		{8312EE0F-FE44-4BC1-A6A9-AEA27891F1DD}.Debug|Any CPU.ActiveCfg = Debug|Any CPU
		{8312EE0F-FE44-4BC1-A6A9-AEA27891F1DD}.Debug|Any CPU.Build.0 = Debug|Any CPU
		{8312EE0F-FE44-4BC1-A6A9-AEA27891F1DD}.Release|Any CPU.ActiveCfg = Release|Any CPU
		{8312EE0F-FE44-4BC1-A6A9-AEA27891F1DD}.Release|Any CPU.Build.0 = Release|Any CPU
		{5E73F209-0DDF-4A84-8B98-73CC5A0F65F9}.Debug|Any CPU.ActiveCfg = Debug|Any CPU
		{5E73F209-0DDF-4A84-8B98-73CC5A0F65F9}.Debug|Any CPU.Build.0 = Debug|Any CPU
		{5E73F209-0DDF-4A84-8B98-73CC5A0F65F9}.Release|Any CPU.ActiveCfg = Release|Any CPU
		{5E73F209-0DDF-4A84-8B98-73CC5A0F65F9}.Release|Any CPU.Build.0 = Release|Any CPU
	EndGlobalSection
	GlobalSection(SolutionProperties) = preSolution
		HideSolutionNode = FALSE
	EndGlobalSection
	GlobalSection(NestedProjects) = preSolution
		{345204E7-6DE1-42E0-BA86-ADA26E1D0C9F} = {91AD361C-3066-4622-8542-573D8DB564B6}
		{5E73F209-0DDF-4A84-8B98-73CC5A0F65F9} = {345204E7-6DE1-42E0-BA86-ADA26E1D0C9F}
	EndGlobalSection
	GlobalSection(ExtensibilityGlobals) = postSolution
		SolutionGuid = {98742FC0-CFC6-4E9E-95F2-F5A395B71216}
	EndGlobalSection
EndGlobal
